
Microsoft Visual Studio Solution File, Format Version 12.00
# Visual Studio Version 17
VisualStudioVersion = 17.10.34928.147
MinimumVisualStudioVersion = 10.0.40219.1
Project("{FAE04EC0-301F-11D3-BF4B-00C04F79EFBC}") = "SRCalculator", "SRCalculator.csproj", "{CEA1FEE3-B787-4BBB-96F4-CAF6964A6F31}"
EndProject
Global
	GlobalSection(SolutionConfigurationPlatforms) = preSolution
		Debug|Any CPU = Debug|Any CPU
		Release|Any CPU = Release|Any CPU
	EndGlobalSection
	GlobalSection(ProjectConfigurationPlatforms) = postSolution
		{CEA1FEE3-B787-4BBB-96F4-CAF6964A6F31}.Debug|Any CPU.ActiveCfg = Debug|Any CPU
		{CEA1FEE3-B787-4BBB-96F4-CAF6964A6F31}.Debug|Any CPU.Build.0 = Debug|Any CPU
		{CEA1FEE3-B787-4BBB-96F4-CAF6964A6F31}.Release|Any CPU.ActiveCfg = Release|Any CPU
		{CEA1FEE3-B787-4BBB-96F4-CAF6964A6F31}.Release|Any CPU.Build.0 = Release|Any CPU
	EndGlobalSection
	GlobalSection(SolutionProperties) = preSolution
		HideSolutionNode = FALSE
	EndGlobalSection
	GlobalSection(ExtensibilityGlobals) = postSolution
		SolutionGuid = {AAF19AA4-54FD-48C0-BFC4-1B9C58247EF1}
	EndGlobalSection
EndGlobal
